PODS:
  - Alamofire (4.7.2)
  - GoogleMaps (2.7.0):
    - GoogleMaps/Maps (= 2.7.0)
  - GoogleMaps/Base (2.7.0)
  - GoogleMaps/Maps (2.7.0):
    - GoogleMaps/Base
  - SnapKit (4.0.0)
  - SwiftyJSON (4.1.0)
  - SWXMLHash (4.0.0)

DEPENDENCIES:
  - Alamofire (~> 4.7)
  - GoogleMaps
  - SnapKit
  - SwiftyJSON (~> 4.0)
  - SWXMLHash (~> 4.0.0)

SPEC REPOS:
  https://github.com/cocoapods/specs.git:
    - Alamofire
    - GoogleMaps
    - SnapKit
    - SwiftyJSON
    - SWXMLHash

SPEC CHECKSUMS:
  Alamofire: e4fa87002c137ba2d8d634d2c51fabcda0d5c223
  GoogleMaps: f79af95cb24d869457b1f961c93d3ce8b2f3b848
  SnapKit: a42d492c16e80209130a3379f73596c3454b7694
  SwiftyJSON: c29297daf073d2aa016295d5809cdd68045c39b3
  SWXMLHash: 6bbc0bf72975a18ceda469fb7d6a886a26d81694

PODFILE CHECKSUM: 94dd3ec0b36e05ff3cb51110fd2ccfee5dbd6f70

COCOAPODS: 1.5.3
